
Microsoft Visual Studio Solution File, Format Version 12.00
# Visual Studio Version 17
VisualStudioVersion = 17.14.36811.4 d17.14
MinimumVisualStudioVersion = 10.0.40219.1
Project("{2150E333-8FDC-42A3-9474-1A3956D46DE8}") = "libraries", "libraries", "{02EA681E-C7D8-13C7-8484-4AC65E1B71E8}"
EndProject
Project("{2150E333-8FDC-42A3-9474-1A3956D46DE8}") = "applicaion", "applicaion", "{18BAAAE7-91F3-43B9-8AB2-45EABD76D249}"
EndProject
Project("{FAE04EC0-301F-11D3-BF4B-00C04F79EFBC}") = "SV23T1020637.Admin", "SV23T1020637.Admin\SV23T1020637.Admin.csproj", "{86C12979-1911-4263-AF93-B03C47532B2A}"
EndProject
Project("{FAE04EC0-301F-11D3-BF4B-00C04F79EFBC}") = "SV23T1020637.Shop", "SV23T1020637.Shop\SV23T1020637.Shop.csproj", "{A0363040-3568-4127-AA90-C7AC295F71C6}"
EndProject
Project("{FAE04EC0-301F-11D3-BF4B-00C04F79EFBC}") = "SV23T1020637.Models", "SV23T1020637.Models\SV23T1020637.Models.csproj", "{92D6822A-6C06-497F-BC25-D75A9D7A2F9D}"
EndProject
Project("{FAE04EC0-301F-11D3-BF4B-00C04F79EFBC}") = "SV23T1020637.DataLayers", "SV23T1020637.DataLayers\SV23T1020637.DataLayers.csproj", "{2AE6A77E-8D49-43C5-AF92-56DD8F6B0739}"
EndProject
Project("{FAE04EC0-301F-11D3-BF4B-00C04F79EFBC}") = "SV23T1020637.BusinessLayers", "SV23T1020637.BusinessLayers\SV23T1020637.BusinessLayers.csproj", "{DB43B99A-3695-4944-9CA9-8A1EF54A6B72}"
EndProject
Global
	GlobalSection(SolutionConfigurationPlatforms) = preSolution
		Debug|Any CPU = Debug|Any CPU
		Release|Any CPU = Release|Any CPU
	EndGlobalSection
	GlobalSection(ProjectConfigurationPlatforms) = postSolution
		{86C12979-1911-4263-AF93-B03C47532B2A}.Debug|Any CPU.ActiveCfg = Debug|Any CPU
		{86C12979-1911-4263-AF93-B03C47532B2A}.Debug|Any CPU.Build.0 = Debug|Any CPU
		{86C12979-1911-4263-AF93-B03C47532B2A}.Release|Any CPU.ActiveCfg = Release|Any CPU
		{86C12979-1911-4263-AF93-B03C47532B2A}.Release|Any CPU.Build.0 = Release|Any CPU
		{A0363040-3568-4127-AA90-C7AC295F71C6}.Debug|Any CPU.ActiveCfg = Debug|Any CPU
		{A0363040-3568-4127-AA90-C7AC295F71C6}.Debug|Any CPU.Build.0 = Debug|Any CPU
		{A0363040-3568-4127-AA90-C7AC295F71C6}.Release|Any CPU.ActiveCfg = Release|Any CPU
		{A0363040-3568-4127-AA90-C7AC295F71C6}.Release|Any CPU.Build.0 = Release|Any CPU
		{92D6822A-6C06-497F-BC25-D75A9D7A2F9D}.Debug|Any CPU.ActiveCfg = Debug|Any CPU
		{92D6822A-6C06-497F-BC25-D75A9D7A2F9D}.Debug|Any CPU.Build.0 = Debug|Any CPU
		{92D6822A-6C06-497F-BC25-D75A9D7A2F9D}.Release|Any CPU.ActiveCfg = Release|Any CPU
		{92D6822A-6C06-497F-BC25-D75A9D7A2F9D}.Release|Any CPU.Build.0 = Release|Any CPU
		{2AE6A77E-8D49-43C5-AF92-56DD8F6B0739}.Debug|Any CPU.ActiveCfg = Debug|Any CPU
		{2AE6A77E-8D49-43C5-AF92-56DD8F6B0739}.Debug|Any CPU.Build.0 = Debug|Any CPU
		{2AE6A77E-8D49-43C5-AF92-56DD8F6B0739}.Release|Any CPU.ActiveCfg = Release|Any CPU
		{2AE6A77E-8D49-43C5-AF92-56DD8F6B0739}.Release|Any CPU.Build.0 = Release|Any CPU
		{DB43B99A-3695-4944-9CA9-8A1EF54A6B72}.Debug|Any CPU.ActiveCfg = Debug|Any CPU
		{DB43B99A-3695-4944-9CA9-8A1EF54A6B72}.Debug|Any CPU.Build.0 = Debug|Any CPU
		{DB43B99A-3695-4944-9CA9-8A1EF54A6B72}.Release|Any CPU.ActiveCfg = Release|Any CPU
		{DB43B99A-3695-4944-9CA9-8A1EF54A6B72}.Release|Any CPU.Build.0 = Release|Any CPU
	EndGlobalSection
	GlobalSection(SolutionProperties) = preSolution
		HideSolutionNode = FALSE
	EndGlobalSection
	GlobalSection(NestedProjects) = preSolution
		{86C12979-1911-4263-AF93-B03C47532B2A} = {18BAAAE7-91F3-43B9-8AB2-45EABD76D249}
		{A0363040-3568-4127-AA90-C7AC295F71C6} = {18BAAAE7-91F3-43B9-8AB2-45EABD76D249}
		{92D6822A-6C06-497F-BC25-D75A9D7A2F9D} = {02EA681E-C7D8-13C7-8484-4AC65E1B71E8}
		{2AE6A77E-8D49-43C5-AF92-56DD8F6B0739} = {02EA681E-C7D8-13C7-8484-4AC65E1B71E8}
		{DB43B99A-3695-4944-9CA9-8A1EF54A6B72} = {02EA681E-C7D8-13C7-8484-4AC65E1B71E8}
	EndGlobalSection
	GlobalSection(ExtensibilityGlobals) = postSolution
		SolutionGuid = {01338054-C8DD-4CBD-9CFD-A8C08B5EAB90}
	EndGlobalSection
EndGlobal
